
Microsoft Visual Studio Solution File, Format Version 12.00
# Visual Studio Version 16
VisualStudioVersion = 16.0.30611.23
MinimumVisualStudioVersion = 10.0.40219.1
Project("{FAE04EC0-301F-11D3-BF4B-00C04F79EFBC}") = "Libify", "Libify\Libify.csproj", "{670263C5-C1C7-4E52-A2A7-1BC43C189153}"
EndProject
Global
	GlobalSection(SolutionConfigurationPlatforms) = preSolution
		Debug|Any CPU = Debug|Any CPU
		Release|Any CPU = Release|Any CPU
	EndGlobalSection
	GlobalSection(ProjectConfigurationPlatforms) = postSolution
		{670263C5-C1C7-4E52-A2A7-1BC43C189153}.Debug|Any CPU.ActiveCfg = Debug|Any CPU
		{670263C5-C1C7-4E52-A2A7-1BC43C189153}.Debug|Any CPU.Build.0 = Debug|Any CPU
		{670263C5-C1C7-4E52-A2A7-1BC43C189153}.Release|Any CPU.ActiveCfg = Release|Any CPU
		{670263C5-C1C7-4E52-A2A7-1BC43C189153}.Release|Any CPU.Build.0 = Release|Any CPU
	EndGlobalSection
	GlobalSection(SolutionProperties) = preSolution
		HideSolutionNode = FALSE
	EndGlobalSection
	GlobalSection(ExtensibilityGlobals) = postSolution
		SolutionGuid = {EDC689A1-DB76-48B2-B205-80FEAAEB5C0E}
	EndGlobalSection
EndGlobal
